
Microsoft Visual Studio Solution File, Format Version 12.00
# Visual Studio Version 17
VisualStudioVersion = 17.6.33801.468
MinimumVisualStudioVersion = 10.0.40219.1
Project("{FAE04EC0-301F-11D3-BF4B-00C04F79EFBC}") = "ProductApi", "ProductApi\ProductApi.csproj", "{C5C61A11-2B9F-48E5-A37F-E27C9E8A2B1A}"
EndProject
Global
	GlobalSection(SolutionConfigurationPlatforms) = preSolution
		Debug|Any CPU = Debug|Any CPU
		Release|Any CPU = Release|Any CPU
	EndGlobalSection
	GlobalSection(ProjectConfigurationPlatforms) = postSolution
		{C5C61A11-2B9F-48E5-A37F-E27C9E8A2B1A}.Debug|Any CPU.ActiveCfg = Debug|Any CPU
		{C5C61A11-2B9F-48E5-A37F-E27C9E8A2B1A}.Debug|Any CPU.Build.0 = Debug|Any CPU
		{C5C61A11-2B9F-48E5-A37F-E27C9E8A2B1A}.Release|Any CPU.ActiveCfg = Release|Any CPU
		{C5C61A11-2B9F-48E5-A37F-E27C9E8A2B1A}.Release|Any CPU.Build.0 = Release|Any CPU
	EndGlobalSection
	GlobalSection(SolutionProperties) = preSolution
		HideSolutionNode = FALSE
	EndGlobalSection
	GlobalSection(ExtensibilityGlobals) = postSolution
		SolutionGuid = {3EA82213-5B89-417B-96C1-7F0D6FB11833}
	EndGlobalSection
EndGlobal
